
Microsoft Visual Studio Solution File, Format Version 12.00
# Visual Studio Version 16
VisualStudioVersion = 16.0.30517.126
MinimumVisualStudioVersion = 10.0.40219.1
Project("{9A19103F-16F7-4668-BE54-9A1E7A4F7556}") = "StockManagerCore", "StockManagerCore.csproj", "{60133310-8AE9-4B87-8EED-A560D8EA9576}"
EndProject
Project("{54435603-DBB4-11D2-8724-00A0C9A8B90C}") = "StockInstall", "..\StockInstall\StockInstall.vdproj", "{F4B7367A-2373-49DC-A125-BBFE95D9B82F}"
EndProject
Global
	GlobalSection(SolutionConfigurationPlatforms) = preSolution
		Debug|Any CPU = Debug|Any CPU
		Release|Any CPU = Release|Any CPU
	EndGlobalSection
	GlobalSection(ProjectConfigurationPlatforms) = postSolution
		{60133310-8AE9-4B87-8EED-A560D8EA9576}.Debug|Any CPU.ActiveCfg = Release|Any CPU
		{60133310-8AE9-4B87-8EED-A560D8EA9576}.Debug|Any CPU.Build.0 = Release|Any CPU
		{60133310-8AE9-4B87-8EED-A560D8EA9576}.Release|Any CPU.ActiveCfg = Debug|Any CPU
		{60133310-8AE9-4B87-8EED-A560D8EA9576}.Release|Any CPU.Build.0 = Debug|Any CPU
		{F4B7367A-2373-49DC-A125-BBFE95D9B82F}.Debug|Any CPU.ActiveCfg = Debug
		{F4B7367A-2373-49DC-A125-BBFE95D9B82F}.Release|Any CPU.ActiveCfg = Release
	EndGlobalSection
	GlobalSection(SolutionProperties) = preSolution
		HideSolutionNode = FALSE
	EndGlobalSection
	GlobalSection(ExtensibilityGlobals) = postSolution
		SolutionGuid = {FAA6404E-A844-4648-8A09-8759EDA71E3B}
	EndGlobalSection
EndGlobal
